
Microsoft Visual Studio Solution File, Format Version 12.00
# Visual Studio Version 17
VisualStudioVersion = 17.8.34309.116
MinimumVisualStudioVersion = 10.0.40219.1
Project("{FAE04EC0-301F-11D3-BF4B-00C04F79EFBC}") = "MyWeb", "MyWeb\MyWeb.csproj", "{F4A391CF-CAFA-4135-8AEC-F563FE75E684}"
EndProject
Global
	GlobalSection(SolutionConfigurationPlatforms) = preSolution
		Debug|Any CPU = Debug|Any CPU
		Release|Any CPU = Release|Any CPU
	EndGlobalSection
	GlobalSection(ProjectConfigurationPlatforms) = postSolution
		{F4A391CF-CAFA-4135-8AEC-F563FE75E684}.Debug|Any CPU.ActiveCfg = Debug|Any CPU
		{F4A391CF-CAFA-4135-8AEC-F563FE75E684}.Debug|Any CPU.Build.0 = Debug|Any CPU
		{F4A391CF-CAFA-4135-8AEC-F563FE75E684}.Release|Any CPU.ActiveCfg = Release|Any CPU
		{F4A391CF-CAFA-4135-8AEC-F563FE75E684}.Release|Any CPU.Build.0 = Release|Any CPU
	EndGlobalSection
	GlobalSection(SolutionProperties) = preSolution
		HideSolutionNode = FALSE
	EndGlobalSection
	GlobalSection(ExtensibilityGlobals) = postSolution
		SolutionGuid = {0CBC0032-6BC2-452D-87C5-FCBDCDB9A520}
	EndGlobalSection
EndGlobal
